
Microsoft Visual Studio Solution File, Format Version 12.00
# Visual Studio Version 16
VisualStudioVersion = 16.0.30711.63
MinimumVisualStudioVersion = 10.0.40219.1
Project("{FAE04EC0-301F-11D3-BF4B-00C04F79EFBC}") = "shopping", "shopping\shopping.csproj", "{F4E042E5-9AED-4611-AB3C-A31BAA4A9349}"
EndProject
Global
	GlobalSection(SolutionConfigurationPlatforms) = preSolution
		Debug|Any CPU = Debug|Any CPU
		Release|Any CPU = Release|Any CPU
	EndGlobalSection
	GlobalSection(ProjectConfigurationPlatforms) = postSolution
		{F4E042E5-9AED-4611-AB3C-A31BAA4A9349}.Debug|Any CPU.ActiveCfg = Debug|Any CPU
		{F4E042E5-9AED-4611-AB3C-A31BAA4A9349}.Debug|Any CPU.Build.0 = Debug|Any CPU
		{F4E042E5-9AED-4611-AB3C-A31BAA4A9349}.Release|Any CPU.ActiveCfg = Release|Any CPU
		{F4E042E5-9AED-4611-AB3C-A31BAA4A9349}.Release|Any CPU.Build.0 = Release|Any CPU
	EndGlobalSection
	GlobalSection(SolutionProperties) = preSolution
		HideSolutionNode = FALSE
	EndGlobalSection
	GlobalSection(ExtensibilityGlobals) = postSolution
		SolutionGuid = {7FB48AE4-5E76-4D11-8366-ADC276A84B0F}
	EndGlobalSection
EndGlobal
